
Microsoft Visual Studio Solution File, Format Version 12.00
# Visual Studio Version 17
VisualStudioVersion = 17.9.34701.34
MinimumVisualStudioVersion = 10.0.40219.1
Project("{FAE04EC0-301F-11D3-BF4B-00C04F79EFBC}") = "WebAPI", "WebAPI.csproj", "{D1C8A48F-00F8-4515-9D13-ABAD450CEF0F}"
EndProject
Global
	GlobalSection(SolutionConfigurationPlatforms) = preSolution
		Debug|Any CPU = Debug|Any CPU
		Release|Any CPU = Release|Any CPU
	EndGlobalSection
	GlobalSection(ProjectConfigurationPlatforms) = postSolution
		{D1C8A48F-00F8-4515-9D13-ABAD450CEF0F}.Debug|Any CPU.ActiveCfg = Debug|Any CPU
		{D1C8A48F-00F8-4515-9D13-ABAD450CEF0F}.Debug|Any CPU.Build.0 = Debug|Any CPU
		{D1C8A48F-00F8-4515-9D13-ABAD450CEF0F}.Release|Any CPU.ActiveCfg = Release|Any CPU
		{D1C8A48F-00F8-4515-9D13-ABAD450CEF0F}.Release|Any CPU.Build.0 = Release|Any CPU
	EndGlobalSection
	GlobalSection(SolutionProperties) = preSolution
		HideSolutionNode = FALSE
	EndGlobalSection
	GlobalSection(ExtensibilityGlobals) = postSolution
		SolutionGuid = {F6143DDF-012E-4DE5-989C-60560F0AC8FF}
	EndGlobalSection
EndGlobal
